// !$*UTF8*$!
{
	archiveVersion = 1;
	classes = {
	};
	objectVersion = 46;
	objects = {

/* Begin PBXBuildFile section */
		4C1000A5139324DB00C9257E /* UIKit.framework in Frameworks */ = {isa = PBXBuildFile; fileRef = 4C1000A4139324DB00C9257E /* UIKit.framework */; };
		4C1000A7139324DB00C9257E /* Foundation.framework in Frameworks */ = {isa = PBXBuildFile; fileRef = 4C1000A6139324DB00C9257E /* Foundation.framework */; };
		4C1000A9139324DB00C9257E /* CoreGraphics.framework in Frameworks */ = {isa = PBXBuildFile; fileRef = 4C1000A8139324DB00C9257E /* CoreGraphics.framework */; };
		4C1000AF139324DB00C9257E /* InfoPlist.strings in Resources */ = {isa = PBXBuildFile; fileRef = 4C1000AD139324DB00C9257E /* InfoPlist.strings */; };
		4C1000B2139324DB00C9257E /* main.m in Sources */ = {isa = PBXBuildFile; fileRef = 4C1000B1139324DB00C9257E /* main.m */; };
		4C1000B5139324DB00C9257E /* FBEncryptAppDelegate.m in Sources */ = {isa = PBXBuildFile; fileRef = 4C1000B4139324DB00C9257E /* FBEncryptAppDelegate.m */; };
		4C1000B8139324DB00C9257E /* MainWindow.xib in Resources */ = {isa = PBXBuildFile; fileRef = 4C1000B6139324DB00C9257E /* MainWindow.xib */; };
		4C1000BB139324DB00C9257E /* FBEncryptViewController.m in Sources */ = {isa = PBXBuildFile; fileRef = 4C1000BA139324DB00C9257E /* FBEncryptViewController.m */; };
		4C1000BE139324DB00C9257E /* FBEncryptViewController.xib in Resources */ = {isa = PBXBuildFile; fileRef = 4C1000BC139324DB00C9257E /* FBEncryptViewController.xib */; };
		4C1000C5139324DB00C9257E /* UIKit.framework in Frameworks */ = {isa = PBXBuildFile; fileRef = 4C1000A4139324DB00C9257E /* UIKit.framework */; };
		4C1000C6139324DB00C9257E /* Foundation.framework in Frameworks */ = {isa = PBXBuildFile; fileRef = 4C1000A6139324DB00C9257E /* Foundation.framework */; };
		4C1000C7139324DB00C9257E /* CoreGraphics.framework in Frameworks */ = {isa = PBXBuildFile; fileRef = 4C1000A8139324DB00C9257E /* CoreGraphics.framework */; };
		4C1000CF139324DB00C9257E /* InfoPlist.strings in Resources */ = {isa = PBXBuildFile; fileRef = 4C1000CD139324DB00C9257E /* InfoPlist.strings */; };
		4C1000D2139324DB00C9257E /* FBEncryptTests.h in Resources */ = {isa = PBXBuildFile; fileRef = 4C1000D1139324DB00C9257E /* FBEncryptTests.h */; };
		4C1000D4139324DB00C9257E /* FBEncryptTests.m in Sources */ = {isa = PBXBuildFile; fileRef = 4C1000D3139324DB00C9257E /* FBEncryptTests.m */; };
/* End PBXBuildFile section */

/* Begin PBXContainerItemProxy section */
		4C1000C8139324DB00C9257E /* PBXContainerItemProxy */ = {
			isa = PBXContainerItemProxy;
			containerPortal = 4C100097139324DA00C9257E /* Project object */;
			proxyType = 1;
			remoteGlobalIDString = 4C10009F139324DB00C9257E;
			remoteInfo = FBEncrypt;
		};
/* End PBXContainerItemProxy section */

/* Begin PBXFileReference section */
		4C1000A0139324DB00C9257E /* FBEncrypt.app */ = {isa = PBXFileReference; explicitFileType = wrapper.application; includeInIndex = 0; path = FBEncrypt.app; sourceTree = BUILT_PRODUCTS_DIR; };
		4C1000A4139324DB00C9257E /* UIKit.framework */ = {isa = PBXFileReference; lastKnownFileType = wrapper.framework; name = UIKit.framework; path = System/Library/Frameworks/UIKit.framework; sourceTree = SDKROOT; };
		4C1000A6139324DB00C9257E /* Foundation.framework */ = {isa = PBXFileReference; lastKnownFileType = wrapper.framework; name = Foundation.framework; path = System/Library/Frameworks/Foundation.framework; sourceTree = SDKROOT; };
		4C1000A8139324DB00C9257E /* CoreGraphics.framework */ = {isa = PBXFileReference; lastKnownFileType = wrapper.framework; name = CoreGraphics.framework; path = System/Library/Frameworks/CoreGraphics.framework; sourceTree = SDKROOT; };
		4C1000AC139324DB00C9257E /* FBEncrypt-Info.plist */ = {isa = PBXFileReference; path = "FBEncrypt-Info.plist"; sourceTree = "<group>"; };
		4C1000AE139324DB00C9257E /* en */ = {isa = PBXFileReference; lastKnownFileType = text.plist.strings; name = en; path = en.lproj/InfoPlist.strings; sourceTree = "<group>"; };
		4C1000B0139324DB00C9257E /* FBEncrypt-Prefix.pch */ = {isa = PBXFileReference; path = "FBEncrypt-Prefix.pch"; sourceTree = "<group>"; };
		4C1000B1139324DB00C9257E /* main.m */ = {isa = PBXFileReference; lastKnownFileType = sourcecode.c.objc; path = main.m; sourceTree = "<group>"; };
		4C1000B3139324DB00C9257E /* FBEncryptAppDelegate.h */ = {isa = PBXFileReference; path = FBEncryptAppDelegate.h; sourceTree = "<group>"; };
		4C1000B4139324DB00C9257E /* FBEncryptAppDelegate.m */ = {isa = PBXFileReference; lastKnownFileType = sourcecode.c.objc; path = FBEncryptAppDelegate.m; sourceTree = "<group>"; };
		4C1000B7139324DB00C9257E /* en */ = {isa = PBXFileReference; lastKnownFileType = file.xib; name = en; path = en.lproj/MainWindow.xib; sourceTree = "<group>"; };
		4C1000B9139324DB00C9257E /* FBEncryptViewController.h */ = {isa = PBXFileReference; path = FBEncryptViewController.h; sourceTree = "<group>"; };
		4C1000BA139324DB00C9257E /* FBEncryptViewController.m */ = {isa = PBXFileReference; lastKnownFileType = sourcecode.c.objc; path = FBEncryptViewController.m; sourceTree = "<group>"; };
		4C1000BD139324DB00C9257E /* en */ = {isa = PBXFileReference; lastKnownFileType = file.xib; name = en; path = en.lproj/FBEncryptViewController.xib; sourceTree = "<group>"; };
		4C1000C4139324DB00C9257E /* FBEncryptTests.octest */ = {isa = PBXFileReference; explicitFileType = wrapper.cfbundle; includeInIndex = 0; path = FBEncryptTests.octest; sourceTree = BUILT_PRODUCTS_DIR; };
		4C1000CC139324DB00C9257E /* FBEncryptTests-Info.plist */ = {isa = PBXFileReference; path = "FBEncryptTests-Info.plist"; sourceTree = "<group>"; };
		4C1000CE139324DB00C9257E /* en */ = {isa = PBXFileReference; lastKnownFileType = text.plist.strings; name = en; path = en.lproj/InfoPlist.strings; sourceTree = "<group>"; };
		4C1000D0139324DB00C9257E /* FBEncryptTests-Prefix.pch */ = {isa = PBXFileReference; path = "FBEncryptTests-Prefix.pch"; sourceTree = "<group>"; };
		4C1000D1139324DB00C9257E /* FBEncryptTests.h */ = {isa = PBXFileReference; lastKnownFileType = sourcecode.c.h; path = FBEncryptTests.h; sourceTree = "<group>"; };
		4C1000D3139324DB00C9257E /* FBEncryptTests.m */ = {isa = PBXFileReference; lastKnownFileType = sourcecode.c.objc; path = FBEncryptTests.m; sourceTree = "<group>"; };
/* End PBXFileReference section */

/* Begin PBXFrameworksBuildPhase section */
		4C10009D139324DB00C9257E /* Frameworks */ = {
			isa = PBXFrameworksBuildPhase;
			buildActionMask = 2147483647;
			files = (
				4C1000A5139324DB00C9257E /* UIKit.framework in Frameworks */,
				4C1000A7139324DB00C9257E /* Foundation.framework in Frameworks */,
				4C1000A9139324DB00C9257E /* CoreGraphics.framework in Frameworks */,
			);
			runOnlyForDeploymentPostprocessing = 0;
		};
		4C1000C0139324DB00C9257E /* Frameworks */ = {
			isa = PBXFrameworksBuildPhase;
			buildActionMask = 2147483647;
			files = (
				4C1000C5139324DB00C9257E /* UIKit.framework in Frameworks */,
				4C1000C6139324DB00C9257E /* Foundation.framework in Frameworks */,
				4C1000C7139324DB00C9257E /* CoreGraphics.framework in Frameworks */,
			);
			runOnlyForDeploymentPostprocessing = 0;
		};
/* End PBXFrameworksBuildPhase section */

/* Begin PBXGroup section */
		4C100095139324DA00C9257E = {
			isa = PBXGroup;
			children = (
				4C1000AA139324DB00C9257E /* FBEncrypt */,
				4C1000CA139324DB00C9257E /* FBEncryptTests */,
				4C1000A3139324DB00C9257E /* Frameworks */,
				4C1000A1139324DB00C9257E /* Products */,
			);
			sourceTree = "<group>";
		};
		4C1000A1139324DB00C9257E /* Products */ = {
			isa = PBXGroup;
			children = (
				4C1000A0139324DB00C9257E /* FBEncrypt.app */,
				4C1000C4139324DB00C9257E /* FBEncryptTests.octest */,
			);
			name = Products;
			sourceTree = "<group>";
		};
		4C1000A3139324DB00C9257E /* Frameworks */ = {
			isa = PBXGroup;
			children = (
				4C1000A4139324DB00C9257E /* UIKit.framework */,
				4C1000A6139324DB00C9257E /* Foundation.framework */,
				4C1000A8139324DB00C9257E /* CoreGraphics.framework */,
			);
			name = Frameworks;
			sourceTree = "<group>";
		};
		4C1000AA139324DB00C9257E /* FBEncrypt */ = {
			isa = PBXGroup;
			children = (
				4C1000B3139324DB00C9257E /* FBEncryptAppDelegate.h */,
				4C1000B4139324DB00C9257E /* FBEncryptAppDelegate.m */,
				4C1000B6139324DB00C9257E /* MainWindow.xib */,
				4C1000B9139324DB00C9257E /* FBEncryptViewController.h */,
				4C1000BA139324DB00C9257E /* FBEncryptViewController.m */,
				4C1000BC139324DB00C9257E /* FBEncryptViewController.xib */,
				4C1000AB139324DB00C9257E /* Supporting Files */,
			);
			path = FBEncrypt;
			sourceTree = "<group>";
		};
		4C1000AB139324DB00C9257E /* Supporting Files */ = {
			isa = PBXGroup;
			children = (
				4C1000AC139324DB00C9257E /* FBEncrypt-Info.plist */,
				4C1000AD139324DB00C9257E /* InfoPlist.strings */,
				4C1000B0139324DB00C9257E /* FBEncrypt-Prefix.pch */,
				4C1000B1139324DB00C9257E /* main.m */,
			);
			name = "Supporting Files";
			sourceTree = "<group>";
		};
		4C1000CA139324DB00C9257E /* FBEncryptTests */ = {
			isa = PBXGroup;
			children = (
				4C1000D1139324DB00C9257E /* FBEncryptTests.h */,
				4C1000D3139324DB00C9257E /* FBEncryptTests.m */,
				4C1000CB139324DB00C9257E /* Supporting Files */,
			);
			path = FBEncryptTests;
			sourceTree = "<group>";
		};
		4C1000CB139324DB00C9257E /* Supporting Files */ = {
			isa = PBXGroup;
			children = (
				4C1000CC139324DB00C9257E /* FBEncryptTests-Info.plist */,
				4C1000CD139324DB00C9257E /* InfoPlist.strings */,
				4C1000D0139324DB00C9257E /* FBEncryptTests-Prefix.pch */,
			);
			name = "Supporting Files";
			sourceTree = "<group>";
		};
/* End PBXGroup section */

/* Begin PBXNativeTarget section */
		4C10009F139324DB00C9257E /* FBEncrypt */ = {
			isa = PBXNativeTarget;
			buildConfigurationList = 4C1000D7139324DB00C9257E /* Build configuration list for PBXNativeTarget "FBEncrypt" */;
			buildPhases = (
				4C10009C139324DB00C9257E /* Sources */,
				4C10009D139324DB00C9257E /* Frameworks */,
				4C10009E139324DB00C9257E /* Resources */,
			);
			buildRules = (
			);
			dependencies = (
			);
			name = FBEncrypt;
			productName = FBEncrypt;
			productReference = 4C1000A0139324DB00C9257E /* FBEncrypt.app */;
			productType = "com.apple.product-type.application";
		};
		4C1000C3139324DB00C9257E /* FBEncryptTests */ = {
			isa = PBXNativeTarget;
			buildConfigurationList = 4C1000DA139324DB00C9257E /* Build configuration list for PBXNativeTarget "FBEncryptTests" */;
			buildPhases = (
				4C1000BF139324DB00C9257E /* Sources */,
				4C1000C0139324DB00C9257E /* Frameworks */,
				4C1000C1139324DB00C9257E /* Resources */,
				4C1000C2139324DB00C9257E /* ShellScript */,
			);
			buildRules = (
			);
			dependencies = (
				4C1000C9139324DB00C9257E /* PBXTargetDependency */,
			);
			name = FBEncryptTests;
			productName = FBEncryptTests;
			productReference = 4C1000C4139324DB00C9257E /* FBEncryptTests.octest */;
			productType = "com.apple.product-type.bundle";
		};
/* End PBXNativeTarget section */

/* Begin PBXProject section */
		4C100097139324DA00C9257E /* Project object */ = {
			isa = PBXProject;
			buildConfigurationList = 4C10009A139324DA00C9257E /* Build configuration list for PBXProject "FBEncrypt" */;
			compatibilityVersion = "Xcode 3.2";
			developmentRegion = English;
			hasScannedForEncodings = 0;
			knownRegions = (
				en,
			);
			mainGroup = 4C100095139324DA00C9257E;
			productRefGroup = 4C1000A1139324DB00C9257E /* Products */;
			projectDirPath = "";
			projectRoot = "";
			targets = (
				4C10009F139324DB00C9257E /* FBEncrypt */,
				4C1000C3139324DB00C9257E /* FBEncryptTests */,
			);
		};
/* End PBXProject section */

/* Begin PBXResourcesBuildPhase section */
		4C10009E139324DB00C9257E /* Resources */ = {
			isa = PBXResourcesBuildPhase;
			buildActionMask = 2147483647;
			files = (
				4C1000AF139324DB00C9257E /* InfoPlist.strings in Resources */,
				4C1000B8139324DB00C9257E /* MainWindow.xib in Resources */,
				4C1000BE139324DB00C9257E /* FBEncryptViewController.xib in Resources */,
			);
			runOnlyForDeploymentPostprocessing = 0;
		};
		4C1000C1139324DB00C9257E /* Resources */ = {
			isa = PBXResourcesBuildPhase;
			buildActionMask = 2147483647;
			files = (
				4C1000CF139324DB00C9257E /* InfoPlist.strings in Resources */,
				4C1000D2139324DB00C9257E /* FBEncryptTests.h in Resources */,
			);
			runOnlyForDeploymentPostprocessing = 0;
		};
/* End PBXResourcesBuildPhase section */

/* Begin PBXShellScriptBuildPhase section */
		4C1000C2139324DB00C9257E /* ShellScript */ = {
			isa = PBXShellScriptBuildPhase;
			buildActionMask = 2147483647;
			files = (
			);
			inputPaths = (
			);
			outputPaths = (
			);
			runOnlyForDeploymentPostprocessing = 0;
			shellPath = /bin/sh;
			shellScript = "# Run the unit tests in this test bundle.\n\"${SYSTEM_DEVELOPER_DIR}/Tools/RunUnitTests\"\n";
		};
/* End PBXShellScriptBuildPhase section */

/* Begin PBXSourcesBuildPhase section */
		4C10009C139324DB00C9257E /* Sources */ = {
			isa = PBXSourcesBuildPhase;
			buildActionMask = 2147483647;
			files = (
				4C1000B2139324DB00C9257E /* main.m in Sources */,
				4C1000B5139324DB00C9257E /* FBEncryptAppDelegate.m in Sources */,
				4C1000BB139324DB00C9257E /* FBEncryptViewController.m in Sources */,
			);
			runOnlyForDeploymentPostprocessing = 0;
		};
		4C1000BF139324DB00C9257E /* Sources */ = {
			isa = PBXSourcesBuildPhase;
			buildActionMask = 2147483647;
			files = (
				4C1000D4139324DB00C9257E /* FBEncryptTests.m in Sources */,
			);
			runOnlyForDeploymentPostprocessing = 0;
		};
/* End PBXSourcesBuildPhase section */

/* Begin PBXTargetDependency section */
		4C1000C9139324DB00C9257E /* PBXTargetDependency */ = {
			isa = PBXTargetDependency;
			target = 4C10009F139324DB00C9257E /* FBEncrypt */;
			targetProxy = 4C1000C8139324DB00C9257E /* PBXContainerItemProxy */;
		};
/* End PBXTargetDependency section */

/* Begin PBXVariantGroup section */
		4C1000AD139324DB00C9257E /* InfoPlist.strings */ = {
			isa = PBXVariantGroup;
			children = (
				4C1000AE139324DB00C9257E /* en */,
			);
			name = InfoPlist.strings;
			sourceTree = "<group>";
		};
		4C1000B6139324DB00C9257E /* MainWindow.xib */ = {
			isa = PBXVariantGroup;
			children = (
				4C1000B7139324DB00C9257E /* en */,
			);
			name = MainWindow.xib;
			sourceTree = "<group>";
		};
		4C1000BC139324DB00C9257E /* FBEncryptViewController.xib */ = {
			isa = PBXVariantGroup;
			children = (
				4C1000BD139324DB00C9257E /* en */,
			);
			name = FBEncryptViewController.xib;
			sourceTree = "<group>";
		};
		4C1000CD139324DB00C9257E /* InfoPlist.strings */ = {
			isa = PBXVariantGroup;
			children = (
				4C1000CE139324DB00C9257E /* en */,
			);
			name = InfoPlist.strings;
			sourceTree = "<group>";
		};
/* End PBXVariantGroup section */

/* Begin XCBuildConfiguration section */
		4C1000D5139324DB00C9257E /* Debug */ = {
			isa = XCBuildConfiguration;
			buildSettings = {
				ARCHS = "$(ARCHS_STANDARD_32_BIT)";
				"CODE_SIGN_IDENTITY[sdk=iphoneos*]" = "iPhone Developer";
				GCC_C_LANGUAGE_STANDARD = gnu99;
				GCC_OPTIMIZATION_LEVEL = 0;
				GCC_PREPROCESSOR_DEFINITIONS = DEBUG;
				GCC_SYMBOLS_PRIVATE_EXTERN = NO;
				GCC_VERSION = com.apple.compilers.llvmgcc42;
				GCC_WARN_ABOUT_RETURN_TYPE = YES;
				GCC_WARN_UNUSED_VARIABLE = YES;
				IPHONEOS_DEPLOYMENT_TARGET = 4.3;
				SDKROOT = iphoneos;
			};
			name = Debug;
		};
		4C1000D6139324DB00C9257E /* Release */ = {
			isa = XCBuildConfiguration;
			buildSettings = {
				ARCHS = "$(ARCHS_STANDARD_32_BIT)";
				"CODE_SIGN_IDENTITY[sdk=iphoneos*]" = "iPhone Developer";
				GCC_C_LANGUAGE_STANDARD = gnu99;
				GCC_VERSION = com.apple.compilers.llvmgcc42;
				GCC_WARN_ABOUT_RETURN_TYPE = YES;
				GCC_WARN_UNUSED_VARIABLE = YES;
				IPHONEOS_DEPLOYMENT_TARGET = 4.3;
				OTHER_CFLAGS = "-DNS_BLOCK_ASSERTIONS=1";
				SDKROOT = iphoneos;
			};
			name = Release;
		};
		4C1000D8139324DB00C9257E /* Debug */ = {
			isa = XCBuildConfiguration;
			buildSettings = {
				ALWAYS_SEARCH_USER_PATHS = NO;
				COPY_PHASE_STRIP = NO;
				GCC_DYNAMIC_NO_PIC = NO;
				GCC_PRECOMPILE_PREFIX_HEADER = YES;
				GCC_PREFIX_HEADER = "FBEncrypt/FBEncrypt-Prefix.pch";
				INFOPLIST_FILE = "FBEncrypt/FBEncrypt-Info.plist";
				PRODUCT_NAME = "$(TARGET_NAME)";
				WRAPPER_EXTENSION = app;
			};
			name = Debug;
		};
		4C1000D9139324DB00C9257E /* Release */ = {
			isa = XCBuildConfiguration;
			buildSettings = {
				ALWAYS_SEARCH_USER_PATHS = NO;
				COPY_PHASE_STRIP = YES;
				GCC_PRECOMPILE_PREFIX_HEADER = YES;
				GCC_PREFIX_HEADER = "FBEncrypt/FBEncrypt-Prefix.pch";
				INFOPLIST_FILE = "FBEncrypt/FBEncrypt-Info.plist";
				PRODUCT_NAME = "$(TARGET_NAME)";
				VALIDATE_PRODUCT = YES;
				WRAPPER_EXTENSION = app;
			};
			name = Release;
		};
		4C1000DB139324DB00C9257E /* Debug */ = {
			isa = XCBuildConfiguration;
			buildSettings = {
				ALWAYS_SEARCH_USER_PATHS = NO;
				BUNDLE_LOADER = "$(BUILT_PRODUCTS_DIR)/FBEncrypt.app/FBEncrypt";
				FRAMEWORK_SEARCH_PATHS = (
					"$(SDKROOT)/Developer/Library/Frameworks",
					"$(DEVELOPER_LIBRARY_DIR)/Frameworks",
				);
				GCC_PRECOMPILE_PREFIX_HEADER = YES;
				GCC_PREFIX_HEADER = "FBEncryptTests/FBEncryptTests-Prefix.pch";
				INFOPLIST_FILE = "FBEncryptTests/FBEncryptTests-Info.plist";
				OTHER_LDFLAGS = (
					"-framework",
					SenTestingKit,
				);
				PRODUCT_NAME = "$(TARGET_NAME)";
				TEST_HOST = "$(BUNDLE_LOADER)";
				WRAPPER_EXTENSION = octest;
			};
			name = Debug;
		};
		4C1000DC139324DB00C9257E /* Release */ = {
			isa = XCBuildConfiguration;
			buildSettings = {
				ALWAYS_SEARCH_USER_PATHS = NO;
				BUNDLE_LOADER = "$(BUILT_PRODUCTS_DIR)/FBEncrypt.app/FBEncrypt";
				FRAMEWORK_SEARCH_PATHS = (
					"$(SDKROOT)/Developer/Library/Frameworks",
					"$(DEVELOPER_LIBRARY_DIR)/Frameworks",
				);
				GCC_PRECOMPILE_PREFIX_HEADER = YES;
				GCC_PREFIX_HEADER = "FBEncryptTests/FBEncryptTests-Prefix.pch";
				INFOPLIST_FILE = "FBEncryptTests/FBEncryptTests-Info.plist";
				OTHER_LDFLAGS = (
					"-framework",
					SenTestingKit,
				);
				PRODUCT_NAME = "$(TARGET_NAME)";
				TEST_HOST = "$(BUNDLE_LOADER)";
				WRAPPER_EXTENSION = octest;
			};
			name = Release;
		};
/* End XCBuildConfiguration section */

/* Begin XCConfigurationList section */
		4C10009A139324DA00C9257E /* Build configuration list for PBXProject "FBEncrypt" */ = {
			isa = XCConfigurationList;
			buildConfigurations = (
				4C1000D5139324DB00C9257E /* Debug */,
				4C1000D6139324DB00C9257E /* Release */,
			);
			defaultConfigurationIsVisible = 0;
			defaultConfigurationName = Release;
		};
		4C1000D7139324DB00C9257E /* Build configuration list for PBXNativeTarget "FBEncrypt" */ = {
			isa = XCConfigurationList;
			buildConfigurations = (
				4C1000D8139324DB00C9257E /* Debug */,
				4C1000D9139324DB00C9257E /* Release */,
			);
			defaultConfigurationIsVisible = 0;
		};
		4C1000DA139324DB00C9257E /* Build configuration list for PBXNativeTarget "FBEncryptTests" */ = {
			isa = XCConfigurationList;
			buildConfigurations = (
				4C1000DB139324DB00C9257E /* Debug */,
				4C1000DC139324DB00C9257E /* Release */,
			);
			defaultConfigurationIsVisible = 0;
		};
/* End XCConfigurationList section */
	};
	rootObject = 4C100097139324DA00C9257E /* Project object */;
}
